<?xml version="1.0" encoding="utf-8"?>
<Project ToolsVersion="17.0" xmlns="http://schemas.microsoft.com/developer/msbuild/2003">
  <ItemGroup>
    <ClCompile Include="C:\Users\phill\Desktop\cmake-3.30.0-rc1-tutorial-source\Step3\MathFunctions\MathFunctions.cxx">
      <Filter>Source Files</Filter>
    </ClCompile>
  </ItemGroup>
  <ItemGroup>
    <CustomBuild Include="C:\Users\phill\Desktop\cmake-3.30.0-rc1-tutorial-source\Step3\MathFunctions\CMakeLists.txt" />
  </ItemGroup>
  <ItemGroup>
    <Filter Include="Source Files">
      <UniqueIdentifier>{1FE79EF0-72BD-322F-9361-E6F6AA979574}</UniqueIdentifier>
    </Filter>
  </ItemGroup>
</Project>
