
Microsoft Visual Studio Solution File, Format Version 12.00
# Visual Studio Version 17
Project("{8BC9CEB8-8B4A-11D0-8D11-00A0C91BC942}") = "ALL_BUILD", "ALL_BUILD.vcxproj", "{FE4ED8C7-211C-3149-9068-FCAB50051A1F}"
	ProjectSection(ProjectDependencies) = postProject
		{87DE8072-5D8B-3EEC-89EB-4BF19308C56D} = {87DE8072-5D8B-3EEC-89EB-4BF19308C56D}
		{20614EF2-57D1-3953-B06E-91A74919BB2B} = {20614EF2-57D1-3953-B06E-91A74919BB2B}
		{7B30D0EE-DD89-35F9-B0E4-32C0FA28DA1B} = {7B30D0EE-DD89-35F9-B0E4-32C0FA28DA1B}
	EndProjectSection
EndProject
Project("{8BC9CEB8-8B4A-11D0-8D11-00A0C91BC942}") = "MathFunctions", "MathFunctions\MathFunctions.vcxproj", "{87DE8072-5D8B-3EEC-89EB-4BF19308C56D}"
	ProjectSection(ProjectDependencies) = postProject
		{7B30D0EE-DD89-35F9-B0E4-32C0FA28DA1B} = {7B30D0EE-DD89-35F9-B0E4-32C0FA28DA1B}
	EndProjectSection
EndProject
Project("{8BC9CEB8-8B4A-11D0-8D11-00A0C91BC942}") = "Tutorial", "Tutorial.vcxproj", "{20614EF2-57D1-3953-B06E-91A74919BB2B}"
	ProjectSection(ProjectDependencies) = postProject
		{87DE8072-5D8B-3EEC-89EB-4BF19308C56D} = {87DE8072-5D8B-3EEC-89EB-4BF19308C56D}
		{7B30D0EE-DD89-35F9-B0E4-32C0FA28DA1B} = {7B30D0EE-DD89-35F9-B0E4-32C0FA28DA1B}
	EndProjectSection
EndProject
Project("{8BC9CEB8-8B4A-11D0-8D11-00A0C91BC942}") = "ZERO_CHECK", "ZERO_CHECK.vcxproj", "{7B30D0EE-DD89-35F9-B0E4-32C0FA28DA1B}"
	ProjectSection(ProjectDependencies) = postProject
	EndProjectSection
EndProject
Global
	GlobalSection(SolutionConfigurationPlatforms) = preSolution
		Debug|x64 = Debug|x64
		Release|x64 = Release|x64
		MinSizeRel|x64 = MinSizeRel|x64
		RelWithDebInfo|x64 = RelWithDebInfo|x64
	EndGlobalSection
	GlobalSection(ProjectConfigurationPlatforms) = postSolution
		{FE4ED8C7-211C-3149-9068-FCAB50051A1F}.Debug|x64.ActiveCfg = Debug|x64
		{FE4ED8C7-211C-3149-9068-FCAB50051A1F}.Release|x64.ActiveCfg = Release|x64
		{FE4ED8C7-211C-3149-9068-FCAB50051A1F}.MinSizeRel|x64.ActiveCfg = MinSizeRel|x64
		{FE4ED8C7-211C-3149-9068-FCAB50051A1F}.RelWithDebInfo|x64.ActiveCfg = RelWithDebInfo|x64
		{87DE8072-5D8B-3EEC-89EB-4BF19308C56D}.Debug|x64.ActiveCfg = Debug|x64
		{87DE8072-5D8B-3EEC-89EB-4BF19308C56D}.Debug|x64.Build.0 = Debug|x64
		{87DE8072-5D8B-3EEC-89EB-4BF19308C56D}.Release|x64.ActiveCfg = Release|x64
		{87DE8072-5D8B-3EEC-89EB-4BF19308C56D}.Release|x64.Build.0 = Release|x64
		{87DE8072-5D8B-3EEC-89EB-4BF19308C56D}.MinSizeRel|x64.ActiveCfg = MinSizeRel|x64
		{87DE8072-5D8B-3EEC-89EB-4BF19308C56D}.MinSizeRel|x64.Build.0 = MinSizeRel|x64
		{87DE8072-5D8B-3EEC-89EB-4BF19308C56D}.RelWithDebInfo|x64.ActiveCfg = RelWithDebInfo|x64
		{87DE8072-5D8B-3EEC-89EB-4BF19308C56D}.RelWithDebInfo|x64.Build.0 = RelWithDebInfo|x64
		{20614EF2-57D1-3953-B06E-91A74919BB2B}.Debug|x64.ActiveCfg = Debug|x64
		{20614EF2-57D1-3953-B06E-91A74919BB2B}.Debug|x64.Build.0 = Debug|x64
		{20614EF2-57D1-3953-B06E-91A74919BB2B}.Release|x64.ActiveCfg = Release|x64
		{20614EF2-57D1-3953-B06E-91A74919BB2B}.Release|x64.Build.0 = Release|x64
		{20614EF2-57D1-3953-B06E-91A74919BB2B}.MinSizeRel|x64.ActiveCfg = MinSizeRel|x64
		{20614EF2-57D1-3953-B06E-91A74919BB2B}.MinSizeRel|x64.Build.0 = MinSizeRel|x64
		{20614EF2-57D1-3953-B06E-91A74919BB2B}.RelWithDebInfo|x64.ActiveCfg = RelWithDebInfo|x64
		{20614EF2-57D1-3953-B06E-91A74919BB2B}.RelWithDebInfo|x64.Build.0 = RelWithDebInfo|x64
		{7B30D0EE-DD89-35F9-B0E4-32C0FA28DA1B}.Debug|x64.ActiveCfg = Debug|x64
		{7B30D0EE-DD89-35F9-B0E4-32C0FA28DA1B}.Debug|x64.Build.0 = Debug|x64
		{7B30D0EE-DD89-35F9-B0E4-32C0FA28DA1B}.Release|x64.ActiveCfg = Release|x64
		{7B30D0EE-DD89-35F9-B0E4-32C0FA28DA1B}.Release|x64.Build.0 = Release|x64
		{7B30D0EE-DD89-35F9-B0E4-32C0FA28DA1B}.MinSizeRel|x64.ActiveCfg = MinSizeRel|x64
		{7B30D0EE-DD89-35F9-B0E4-32C0FA28DA1B}.MinSizeRel|x64.Build.0 = MinSizeRel|x64
		{7B30D0EE-DD89-35F9-B0E4-32C0FA28DA1B}.RelWithDebInfo|x64.ActiveCfg = RelWithDebInfo|x64
		{7B30D0EE-DD89-35F9-B0E4-32C0FA28DA1B}.RelWithDebInfo|x64.Build.0 = RelWithDebInfo|x64
	EndGlobalSection
	GlobalSection(ExtensibilityGlobals) = postSolution
		SolutionGuid = {0F83C977-67B4-378C-BC58-C8838615265D}
	EndGlobalSection
	GlobalSection(ExtensibilityAddIns) = postSolution
	EndGlobalSection
EndGlobal
